
Microsoft Visual Studio Solution File, Format Version 12.00
# Visual Studio Version 16
VisualStudioVersion = 16.0.28606.126
MinimumVisualStudioVersion = 10.0.40219.1
Project("{FAE04EC0-301F-11D3-BF4B-00C04F79EFBC}") = "Loja", "Loja\Loja.csproj", "{FD8CF06B-6705-4BD1-A8DF-5880ADAB9C4E}"
EndProject
Global
	GlobalSection(SolutionConfigurationPlatforms) = preSolution
		Debug|Any CPU = Debug|Any CPU
		Release|Any CPU = Release|Any CPU
	EndGlobalSection
	GlobalSection(ProjectConfigurationPlatforms) = postSolution
		{FD8CF06B-6705-4BD1-A8DF-5880ADAB9C4E}.Debug|Any CPU.ActiveCfg = Debug|Any CPU
		{FD8CF06B-6705-4BD1-A8DF-5880ADAB9C4E}.Debug|Any CPU.Build.0 = Debug|Any CPU
		{FD8CF06B-6705-4BD1-A8DF-5880ADAB9C4E}.Release|Any CPU.ActiveCfg = Release|Any CPU
		{FD8CF06B-6705-4BD1-A8DF-5880ADAB9C4E}.Release|Any CPU.Build.0 = Release|Any CPU
	EndGlobalSection
	GlobalSection(SolutionProperties) = preSolution
		HideSolutionNode = FALSE
	EndGlobalSection
	GlobalSection(ExtensibilityGlobals) = postSolution
		SolutionGuid = {B70FCC89-4EDB-4694-8FF1-8A0DCAF67BFD}
	EndGlobalSection
EndGlobal
